
Microsoft Visual Studio Solution File, Format Version 12.00
# Visual Studio Version 17
VisualStudioVersion = 17.13.35825.156 d17.13
MinimumVisualStudioVersion = 10.0.40219.1
Project("{FAE04EC0-301F-11D3-BF4B-00C04F79EFBC}") = "Papyrus", "Papyrus\Papyrus.csproj", "{2665B868-952E-45FB-B25F-32C849579451}"
EndProject
Global
	GlobalSection(SolutionConfigurationPlatforms) = preSolution
		Debug|Any CPU = Debug|Any CPU
		Release|Any CPU = Release|Any CPU
	EndGlobalSection
	GlobalSection(ProjectConfigurationPlatforms) = postSolution
		{2665B868-952E-45FB-B25F-32C849579451}.Debug|Any CPU.ActiveCfg = Debug|Any CPU
		{2665B868-952E-45FB-B25F-32C849579451}.Debug|Any CPU.Build.0 = Debug|Any CPU
		{2665B868-952E-45FB-B25F-32C849579451}.Release|Any CPU.ActiveCfg = Release|Any CPU
		{2665B868-952E-45FB-B25F-32C849579451}.Release|Any CPU.Build.0 = Release|Any CPU
	EndGlobalSection
	GlobalSection(SolutionProperties) = preSolution
		HideSolutionNode = FALSE
	EndGlobalSection
	GlobalSection(ExtensibilityGlobals) = postSolution
		SolutionGuid = {FE3322A7-563A-4117-8D93-2A999BE476AC}
	EndGlobalSection
EndGlobal
